
Microsoft Visual Studio Solution File, Format Version 12.00
# Visual Studio Version 17
VisualStudioVersion = 17.0.31903.59
MinimumVisualStudioVersion = 10.0.40219.1
Project("{FAE04EC0-301F-11D3-BF4B-00C04F79EFBC}") = "API", "API\API.csproj", "{EED99B74-D836-47BB-A4CF-4F82E728206A}"
EndProject
Project("{FAE04EC0-301F-11D3-BF4B-00C04F79EFBC}") = "Application", "Application\Application.csproj", "{88C34C32-DAC7-451C-AE11-29DE526AA06B}"
EndProject
Project("{FAE04EC0-301F-11D3-BF4B-00C04F79EFBC}") = "Domain", "Domain\Domain.csproj", "{B3FEBFA3-9488-4EB6-A43E-233658915A75}"
EndProject
Project("{FAE04EC0-301F-11D3-BF4B-00C04F79EFBC}") = "Persistence", "Persistence\Persistence.csproj", "{B909B966-F695-40A8-AB5E-9237CA388A93}"
EndProject
Project("{FAE04EC0-301F-11D3-BF4B-00C04F79EFBC}") = "Infrastructure", "Infrastructure\Infrastructure.csproj", "{E6434773-5066-417E-9941-7E8F18C2F1D7}"
EndProject
Global
	GlobalSection(SolutionConfigurationPlatforms) = preSolution
		Debug|Any CPU = Debug|Any CPU
		Release|Any CPU = Release|Any CPU
	EndGlobalSection
	GlobalSection(SolutionProperties) = preSolution
		HideSolutionNode = FALSE
	EndGlobalSection
	GlobalSection(ProjectConfigurationPlatforms) = postSolution
		{EED99B74-D836-47BB-A4CF-4F82E728206A}.Debug|Any CPU.ActiveCfg = Debug|Any CPU
		{EED99B74-D836-47BB-A4CF-4F82E728206A}.Debug|Any CPU.Build.0 = Debug|Any CPU
		{EED99B74-D836-47BB-A4CF-4F82E728206A}.Release|Any CPU.ActiveCfg = Release|Any CPU
		{EED99B74-D836-47BB-A4CF-4F82E728206A}.Release|Any CPU.Build.0 = Release|Any CPU
		{88C34C32-DAC7-451C-AE11-29DE526AA06B}.Debug|Any CPU.ActiveCfg = Debug|Any CPU
		{88C34C32-DAC7-451C-AE11-29DE526AA06B}.Debug|Any CPU.Build.0 = Debug|Any CPU
		{88C34C32-DAC7-451C-AE11-29DE526AA06B}.Release|Any CPU.ActiveCfg = Release|Any CPU
		{88C34C32-DAC7-451C-AE11-29DE526AA06B}.Release|Any CPU.Build.0 = Release|Any CPU
		{B3FEBFA3-9488-4EB6-A43E-233658915A75}.Debug|Any CPU.ActiveCfg = Debug|Any CPU
		{B3FEBFA3-9488-4EB6-A43E-233658915A75}.Debug|Any CPU.Build.0 = Debug|Any CPU
		{B3FEBFA3-9488-4EB6-A43E-233658915A75}.Release|Any CPU.ActiveCfg = Release|Any CPU
		{B3FEBFA3-9488-4EB6-A43E-233658915A75}.Release|Any CPU.Build.0 = Release|Any CPU
		{B909B966-F695-40A8-AB5E-9237CA388A93}.Debug|Any CPU.ActiveCfg = Debug|Any CPU
		{B909B966-F695-40A8-AB5E-9237CA388A93}.Debug|Any CPU.Build.0 = Debug|Any CPU
		{B909B966-F695-40A8-AB5E-9237CA388A93}.Release|Any CPU.ActiveCfg = Release|Any CPU
		{B909B966-F695-40A8-AB5E-9237CA388A93}.Release|Any CPU.Build.0 = Release|Any CPU
		{E6434773-5066-417E-9941-7E8F18C2F1D7}.Debug|Any CPU.ActiveCfg = Debug|Any CPU
		{E6434773-5066-417E-9941-7E8F18C2F1D7}.Debug|Any CPU.Build.0 = Debug|Any CPU
		{E6434773-5066-417E-9941-7E8F18C2F1D7}.Release|Any CPU.ActiveCfg = Release|Any CPU
		{E6434773-5066-417E-9941-7E8F18C2F1D7}.Release|Any CPU.Build.0 = Release|Any CPU
	EndGlobalSection
EndGlobal
